
Microsoft Visual Studio Solution File, Format Version 12.00
# Visual Studio Version 17
VisualStudioVersion = 17.7.34024.191
MinimumVisualStudioVersion = 10.0.40219.1
Project("{FAE04EC0-301F-11D3-BF4B-00C04F79EFBC}") = "TelegramBot", "TelegramBot.csproj", "{488AE3CD-C7B3-4D7C-80F4-D4296D2DA39C}"
EndProject
Global
	GlobalSection(SolutionConfigurationPlatforms) = preSolution
		Debug|Any CPU = Debug|Any CPU
		Release|Any CPU = Release|Any CPU
	EndGlobalSection
	GlobalSection(ProjectConfigurationPlatforms) = postSolution
		{488AE3CD-C7B3-4D7C-80F4-D4296D2DA39C}.Debug|Any CPU.ActiveCfg = Debug|Any CPU
		{488AE3CD-C7B3-4D7C-80F4-D4296D2DA39C}.Debug|Any CPU.Build.0 = Debug|Any CPU
		{488AE3CD-C7B3-4D7C-80F4-D4296D2DA39C}.Release|Any CPU.ActiveCfg = Release|Any CPU
		{488AE3CD-C7B3-4D7C-80F4-D4296D2DA39C}.Release|Any CPU.Build.0 = Release|Any CPU
	EndGlobalSection
	GlobalSection(SolutionProperties) = preSolution
		HideSolutionNode = FALSE
	EndGlobalSection
	GlobalSection(ExtensibilityGlobals) = postSolution
		SolutionGuid = {A3130FC8-8472-43CA-8DDC-E7040A0BD7B9}
	EndGlobalSection
EndGlobal
